# THIS IS AN AUTOGENERATED FILE. DO NOT EDIT THIS FILE DIRECTLY.
# yarn lockfile v1


"@aws-crypto/ie11-detection@^2.0.0":
  version "2.0.2"
  resolved "https://registry.yarnpkg.com/@aws-crypto/ie11-detection/-/ie11-detection-2.0.2.tgz#9c39f4a5558196636031a933ec1b4792de959d6a"
  integrity sha512-5XDMQY98gMAf/WRTic5G++jfmS/VLM0rwpiOpaainKi4L0nqWMSB1SzsrEG5rjFZGYN6ZAefO+/Yta2dFM0kMw==
  dependencies:
    tslib "^1.11.1"

"@aws-crypto/sha256-browser@2.0.0":
  version "2.0.0"
  resolved "https://registry.yarnpkg.com/@aws-crypto/sha256-browser/-/sha256-browser-2.0.0.tgz#741c9024df55ec59b51e5b1f5d806a4852699fb5"
  integrity sha512-rYXOQ8BFOaqMEHJrLHul/25ckWH6GTJtdLSajhlqGMx0PmSueAuvboCuZCTqEKlxR8CQOwRarxYMZZSYlhRA1A==
  dependencies:
    "@aws-crypto/ie11-detection" "^2.0.0"
    "@aws-crypto/sha256-js" "^2.0.0"
    "@aws-crypto/supports-web-crypto" "^2.0.0"
    "@aws-crypto/util" "^2.0.0"
    "@aws-sdk/types" "^3.1.0"
    "@aws-sdk/util-locate-window" "^3.0.0"
    "@aws-sdk/util-utf8-browser" "^3.0.0"
    tslib "^1.11.1"

"@aws-crypto/sha256-js@2.0.0":
  version "2.0.0"
  resolved "https://registry.yarnpkg.com/@aws-crypto/sha256-js/-/sha256-js-2.0.0.tgz#f1f936039bdebd0b9e2dd834d65afdc2aac4efcb"
  integrity sha512-VZY+mCY4Nmrs5WGfitmNqXzaE873fcIZDu54cbaDaaamsaTOP1DBImV9F4pICc3EHjQXujyE8jig+PFCaew9ig==
  dependencies:
    "@aws-crypto/util" "^2.0.0"
    "@aws-sdk/types" "^3.1.0"
    tslib "^1.11.1"

"@aws-crypto/sha256-js@^2.0.0":
  version "2.0.2"
  resolved "https://registry.yarnpkg.com/@aws-crypto/sha256-js/-/sha256-js-2.0.2.tgz#c81e5d378b8a74ff1671b58632779986e50f4c99"
  integrity sha512-iXLdKH19qPmIC73fVCrHWCSYjN/sxaAvZ3jNNyw6FclmHyjLKg0f69WlC9KTnyElxCR5MO9SKaG00VwlJwyAkQ==
  dependencies:
    "@aws-crypto/util" "^2.0.2"
    "@aws-sdk/types" "^3.110.0"
    tslib "^1.11.1"

"@aws-crypto/supports-web-crypto@^2.0.0":
  version "2.0.2"
  resolved "https://registry.yarnpkg.com/@aws-crypto/supports-web-crypto/-/supports-web-crypto-2.0.2.tgz#9f02aafad8789cac9c0ab5faaebb1ab8aa841338"
  integrity sha512-6mbSsLHwZ99CTOOswvCRP3C+VCWnzBf+1SnbWxzzJ9lR0mA0JnY2JEAhp8rqmTE0GPFy88rrM27ffgp62oErMQ==
  dependencies:
    tslib "^1.11.1"

"@aws-crypto/util@^2.0.0", "@aws-crypto/util@^2.0.2":
  version "2.0.2"
  resolved "https://registry.yarnpkg.com/@aws-crypto/util/-/util-2.0.2.tgz#adf5ff5dfbc7713082f897f1d01e551ce0edb9c0"
  integrity sha512-Lgu5v/0e/BcrZ5m/IWqzPUf3UYFTy/PpeED+uc9SWUR1iZQL8XXbGQg10UfllwwBryO3hFF5dizK+78aoXC1eA==
  dependencies:
    "@aws-sdk/types" "^3.110.0"
    "@aws-sdk/util-utf8-browser" "^3.0.0"
    tslib "^1.11.1"

"@aws-sdk/abort-controller@3.190.0":
  version "3.190.0"
  resolved "https://registry.yarnpkg.com/@aws-sdk/abort-controller/-/abort-controller-3.190.0.tgz#284263db7ba051f31dda64e077b68e45cca7a7b3"
  integrity sha512-M6qo2exTzEfHT5RuW7K090OgesUojhb2JyWiV4ulu7ngY4DWBUBMKUqac696sHRUZvGE5CDzSi0606DMboM+kA==
  dependencies:
    "@aws-sdk/types" "3.190.0"
    tslib "^2.3.1"

"@aws-sdk/client-cognito-identity@3.192.0":
  version "3.192.0"
  resolved "https://registry.yarnpkg.com/@aws-sdk/client-cognito-identity/-/client-cognito-identity-3.192.0.tgz#aa55768c6166712ac348fea0db1925c4dc1df731"
  integrity sha512-nIRmiv5JY8wWGUadhG7yLx8o8aVETj5CAgO8e8UJIwwqfue/Yv9bHi2mvkUphO1pj0TeBatAtvu79neJQtsR5g==
  dependencies:
    "@aws-crypto/sha256-browser" "2.0.0"
    "@aws-crypto/sha256-js" "2.0.0"
    "@aws-sdk/client-sts" "3.192.0"
    "@aws-sdk/config-resolver" "3.190.0"
    "@aws-sdk/credential-provider-node" "3.190.0"
    "@aws-sdk/fetch-http-handler" "3.190.0"
    "@aws-sdk/hash-node" "3.190.0"
    "@aws-sdk/invalid-dependency" "3.190.0"
    "@aws-sdk/middleware-content-length" "3.190.0"
    "@aws-sdk/middleware-host-header" "3.190.0"
    "@aws-sdk/middleware-logger" "3.190.0"
    "@aws-sdk/middleware-recursion-detection" "3.190.0"
    "@aws-sdk/middleware-retry" "3.190.0"
    "@aws-sdk/middleware-serde" "3.190.0"
    "@aws-sdk/middleware-signing" "3.192.0"
    "@aws-sdk/middleware-stack" "3.190.0"
    "@aws-sdk/middleware-user-agent" "3.190.0"
    "@aws-sdk/node-config-provider" "3.190.0"
    "@aws-sdk/node-http-handler" "3.190.0"
    "@aws-sdk/protocol-http" "3.190.0"
    "@aws-sdk/smithy-client" "3.190.0"
    "@aws-sdk/types" "3.190.0"
    "@aws-sdk/url-parser" "3.190.0"
    "@aws-sdk/util-base64-browser" "3.188.0"
    "@aws-sdk/util-base64-node" "3.188.0"
    "@aws-sdk/util-body-length-browser" "3.188.0"
    "@aws-sdk/util-body-length-node" "3.188.0"
    "@aws-sdk/util-defaults-mode-browser" "3.190.0"
    "@aws-sdk/util-defaults-mode-node" "3.190.0"
    "@aws-sdk/util-user-agent-browser" "3.190.0"
    "@aws-sdk/util-user-agent-node" "3.190.0"
    "@aws-sdk/util-utf8-browser" "3.188.0"
    "@aws-sdk/util-utf8-node" "3.188.0"
    tslib "^2.3.1"

"@aws-sdk/client-sso@3.190.0":
  version "3.190.0"
  resolved "https://registry.yarnpkg.com/@aws-sdk/client-sso/-/client-sso-3.190.0.tgz#d3435bf406bd7cedf705e9e876da49dd5a2bc17f"
  integrity sha512-joEKRjJEzgvXnEih/x2UDDCPlvXWCO3MAHmqi44yJ36Ph4YsFS299mOjPdVLuzUtpQ+cST1nRO7hXNFrulW2jQ==
  dependencies:
    "@aws-crypto/sha256-browser" "2.0.0"
    "@aws-crypto/sha256-js" "2.0.0"
    "@aws-sdk/config-resolver" "3.190.0"
    "@aws-sdk/fetch-http-handler" "3.190.0"
    "@aws-sdk/hash-node" "3.190.0"
    "@aws-sdk/invalid-dependency" "3.190.0"
    "@aws-sdk/middleware-content-length" "3.190.0"
    "@aws-sdk/middleware-host-header" "3.190.0"
    "@aws-sdk/middleware-logger" "3.190.0"
    "@aws-sdk/middleware-recursion-detection" "3.190.0"
    "@aws-sdk/middleware-retry" "3.190.0"
    "@aws-sdk/middleware-serde" "3.190.0"
    "@aws-sdk/middleware-stack" "3.190.0"
    "@aws-sdk/middleware-user-agent" "3.190.0"
    "@aws-sdk/node-config-provider" "3.190.0"
    "@aws-sdk/node-http-handler" "3.190.0"
    "@aws-sdk/protocol-http" "3.190.0"
    "@aws-sdk/smithy-client" "3.190.0"
    "@aws-sdk/types" "3.190.0"
    "@aws-sdk/url-parser" "3.190.0"
    "@aws-sdk/util-base64-browser" "3.188.0"
    "@aws-sdk/util-base64-node" "3.188.0"
    "@aws-sdk/util-body-length-browser" "3.188.0"
    "@aws-sdk/util-body-length-node" "3.188.0"
    "@aws-sdk/util-defaults-mode-browser" "3.190.0"
    "@aws-sdk/util-defaults-mode-node" "3.190.0"
    "@aws-sdk/util-user-agent-browser" "3.190.0"
    "@aws-sdk/util-user-agent-node" "3.190.0"
    "@aws-sdk/util-utf8-browser" "3.188.0"
    "@aws-sdk/util-utf8-node" "3.188.0"
    tslib "^2.3.1"

"@aws-sdk/client-sts@3.192.0":
  version "3.192.0"
  resolved "https://registry.yarnpkg.com/@aws-sdk/client-sts/-/client-sts-3.192.0.tgz#99ef970262a40a3a3dd09dfda7321be8070c1a52"
  integrity sha512-iv72dmRxbZ1cN5jGn4KIVzzu11eduS2fXHbNgd7JsFd5hLBV5TvJaugQzUdXNmy2gN4HiRJr+qa9WkD5b39lsA==
  dependencies:
    "@aws-crypto/sha256-browser" "2.0.0"
    "@aws-crypto/sha256-js" "2.0.0"
    "@aws-sdk/config-resolver" "3.190.0"
    "@aws-sdk/credential-provider-node" "3.190.0"
    "@aws-sdk/fetch-http-handler" "3.190.0"
    "@aws-sdk/hash-node" "3.190.0"
    "@aws-sdk/invalid-dependency" "3.190.0"
    "@aws-sdk/middleware-content-length" "3.190.0"
    "@aws-sdk/middleware-host-header" "3.190.0"
    "@aws-sdk/middleware-logger" "3.190.0"
    "@aws-sdk/middleware-recursion-detection" "3.190.0"
    "@aws-sdk/middleware-retry" "3.190.0"
    "@aws-sdk/middleware-sdk-sts" "3.192.0"
    "@aws-sdk/middleware-serde" "3.190.0"
    "@aws-sdk/middleware-signing" "3.192.0"
    "@aws-sdk/middleware-stack" "3.190.0"
    "@aws-sdk/middleware-user-agent" "3.190.0"
    "@aws-sdk/node-config-provider" "3.190.0"
    "@aws-sdk/node-http-handler" "3.190.0"
    "@aws-sdk/protocol-http" "3.190.0"
    "@aws-sdk/smithy-client" "3.190.0"
    "@aws-sdk/types" "3.190.0"
    "@aws-sdk/url-parser" "3.190.0"
    "@aws-sdk/util-base64-browser" "3.188.0"
    "@aws-sdk/util-base64-node" "3.188.0"
    "@aws-sdk/util-body-length-browser" "3.188.0"
    "@aws-sdk/util-body-length-node" "3.188.0"
    "@aws-sdk/util-defaults-mode-browser" "3.190.0"
    "@aws-sdk/util-defaults-mode-node" "3.190.0"
    "@aws-sdk/util-user-agent-browser" "3.190.0"
    "@aws-sdk/util-user-agent-node" "3.190.0"
    "@aws-sdk/util-utf8-browser" "3.188.0"
    "@aws-sdk/util-utf8-node" "3.188.0"
    fast-xml-parser "4.0.11"
    tslib "^2.3.1"

"@aws-sdk/config-resolver@3.190.0":
  version "3.190.0"
  resolved "https://registry.yarnpkg.com/@aws-sdk/config-resolver/-/config-resolver-3.190.0.tgz#cb068fef70360c227698b670a2f1224467b523b4"
  integrity sha512-K+VnDtjTgjpf7yHEdDB0qgGbHToF0pIL0pQMSnmk2yc8BoB3LGG/gg1T0Ki+wRlrFnDCJ6L+8zUdawY2qDsbyw==
  dependencies:
    "@aws-sdk/signature-v4" "3.190.0"
    "@aws-sdk/types" "3.190.0"
    "@aws-sdk/util-config-provider" "3.188.0"
    "@aws-sdk/util-middleware" "3.190.0"
    tslib "^2.3.1"

"@aws-sdk/credential-provider-cognito-identity@3.192.0":
  version "3.192.0"
  resolved "https://registry.yarnpkg.com/@aws-sdk/credential-provider-cognito-identity/-/credential-provider-cognito-identity-3.192.0.tgz#fa97930d84b9ead1bfb61ace7f35ad0362aa7cf0"
  integrity sha512-CWo+KyHCGyYtvjlmDIGtnwBEkdiondergZADiStbFFvie8pPI7IsdTXNVssQQ1VxKIBGGHVebgZGSklHBqthwA==
  dependencies:
    "@aws-sdk/client-cognito-identity" "3.192.0"
    "@aws-sdk/property-provider" "3.190.0"
    "@aws-sdk/types" "3.190.0"
    tslib "^2.3.1"

"@aws-sdk/credential-provider-env@3.190.0":
  version "3.190.0"
  resolved "https://registry.yarnpkg.com/@aws-sdk/credential-provider-env/-/credential-provider-env-3.190.0.tgz#b0be7325508529ec1d910b1f18c5a6cc98186dcd"
  integrity sha512-GTY7l3SJhTmRGFpWddbdJOihSqoMN8JMo3CsCtIjk4/h3xirBi02T4GSvbrMyP7FP3Fdl4NAdT+mHJ4q2Bvzxw==
  dependencies:
    "@aws-sdk/property-provider" "3.190.0"
    "@aws-sdk/types" "3.190.0"
    tslib "^2.3.1"

"@aws-sdk/credential-provider-imds@3.190.0":
  version "3.190.0"
  resolved "https://registry.yarnpkg.com/@aws-sdk/credential-provider-imds/-/credential-provider-imds-3.190.0.tgz#15aee396b321e01ede0f0aa88f643e43c42ad879"
  integrity sha512-gI5pfBqGYCKdmx8igPvq+jLzyE2kuNn9Q5u73pdM/JZxiq7GeWYpE/MqqCubHxPtPcTFgAwxCxCFoXlUTBh/2g==
  dependencies:
    "@aws-sdk/node-config-provider" "3.190.0"
    "@aws-sdk/property-provider" "3.190.0"
    "@aws-sdk/types" "3.190.0"
    "@aws-sdk/url-parser" "3.190.0"
    tslib "^2.3.1"

"@aws-sdk/credential-provider-ini@3.190.0":
  version "3.190.0"
  resolved "https://registry.yarnpkg.com/@aws-sdk/credential-provider-ini/-/credential-provider-ini-3.190.0.tgz#b12b9620aeb30c87d99dd234ba7c80b983688167"
  integrity sha512-Z7NN/evXJk59hBQlfOSWDfHntwmxwryu6uclgv7ECI6SEVtKt1EKIlPuCLUYgQ4lxb9bomyO5lQAl/1WutNT5w==
  dependencies:
    "@aws-sdk/credential-provider-env" "3.190.0"
    "@aws-sdk/credential-provider-imds" "3.190.0"
    "@aws-sdk/credential-provider-sso" "3.190.0"
    "@aws-sdk/credential-provider-web-identity" "3.190.0"
    "@aws-sdk/property-provider" "3.190.0"
    "@aws-sdk/shared-ini-file-loader" "3.190.0"
    "@aws-sdk/types" "3.190.0"
    tslib "^2.3.1"

"@aws-sdk/credential-provider-node@3.190.0":
  version "3.190.0"
  resolved "https://registry.yarnpkg.com/@aws-sdk/credential-provider-node/-/credential-provider-node-3.190.0.tgz#7de69d65c694e26191414ddde978df929bd632b7"
  integrity sha512-ctCG5+TsIK2gVgvvFiFjinPjc5nGpSypU3nQKCaihtPh83wDN6gCx4D0p9M8+fUrlPa5y+o/Y7yHo94ATepM8w==
  dependencies:
    "@aws-sdk/credential-provider-env" "3.190.0"
    "@aws-sdk/credential-provider-imds" "3.190.0"
    "@aws-sdk/credential-provider-ini" "3.190.0"
    "@aws-sdk/credential-provider-process" "3.190.0"
    "@aws-sdk/credential-provider-sso" "3.190.0"
    "@aws-sdk/credential-provider-web-identity" "3.190.0"
    "@aws-sdk/property-provider" "3.190.0"
    "@aws-sdk/shared-ini-file-loader" "3.190.0"
    "@aws-sdk/types" "3.190.0"
    tslib "^2.3.1"

"@aws-sdk/credential-provider-process@3.190.0":
  version "3.190.0"
  resolved "https://registry.yarnpkg.com/@aws-sdk/credential-provider-process/-/credential-provider-process-3.190.0.tgz#b1a4aa9fc83984bf2219cfc027a78deaca417c59"
  integrity sha512-sIJhICR80n5XY1kW/EFHTh5ZzBHb5X+744QCH3StcbKYI44mOZvNKfFdeRL2fQ7yLgV7npte2HJRZzQPWpZUrw==
  dependencies:
    "@aws-sdk/property-provider" "3.190.0"
    "@aws-sdk/shared-ini-file-loader" "3.190.0"
    "@aws-sdk/types" "3.190.0"
    tslib "^2.3.1"

"@aws-sdk/credential-provider-sso@3.190.0":
  version "3.190.0"
  resolved "https://registry.yarnpkg.com/@aws-sdk/credential-provider-sso/-/credential-provider-sso-3.190.0.tgz#285895dc38c09033154906ce253ff6f0bdca86ab"
  integrity sha512-uarU9vk471MHHT+GJj3KWFSmaaqLNL5n1KcMer2CCAZfjs+mStAi8+IjZuuKXB4vqVs5DxdH8cy5aLaJcBlXwQ==
  dependencies:
    "@aws-sdk/client-sso" "3.190.0"
    "@aws-sdk/property-provider" "3.190.0"
    "@aws-sdk/shared-ini-file-loader" "3.190.0"
    "@aws-sdk/types" "3.190.0"
    tslib "^2.3.1"

"@aws-sdk/credential-provider-web-identity@3.190.0":
  version "3.190.0"
  resolved "https://registry.yarnpkg.com/@aws-sdk/credential-provider-web-identity/-/credential-provider-web-identity-3.190.0.tgz#c41fe6f1ebb814581b010c0f82e5232da85c90b7"
  integrity sha512-nlIBeK9hGHKWC874h+ITAfPZ9Eaok+x/ydZQVKsLHiQ9PH3tuQ8AaGqhuCwBSH0hEAHZ/BiKeEx5VyWAE8/x+Q==
  dependencies:
    "@aws-sdk/property-provider" "3.190.0"
    "@aws-sdk/types" "3.190.0"
    tslib "^2.3.1"

"@aws-sdk/credential-providers@^3.186.0":
  version "3.192.0"
  resolved "https://registry.yarnpkg.com/@aws-sdk/credential-providers/-/credential-providers-3.192.0.tgz#635e6bdef50ebe2a5b487a26fc98b269c624c76f"
  integrity sha512-iBTrEPkfOHlfgQyk7EeUCmZnhUKXsGcc/hhxBbc6Z/Xc7Y8LqRVLbEmHq9lruXraFuvs26xV9oZi1s1UMXneQA==
  dependencies:
    "@aws-sdk/client-cognito-identity" "3.192.0"
    "@aws-sdk/client-sso" "3.190.0"
    "@aws-sdk/client-sts" "3.192.0"
    "@aws-sdk/credential-provider-cognito-identity" "3.192.0"
    "@aws-sdk/credential-provider-env" "3.190.0"
    "@aws-sdk/credential-provider-imds" "3.190.0"
    "@aws-sdk/credential-provider-ini" "3.190.0"
    "@aws-sdk/credential-provider-node" "3.190.0"
    "@aws-sdk/credential-provider-process" "3.190.0"
    "@aws-sdk/credential-provider-sso" "3.190.0"
    "@aws-sdk/credential-provider-web-identity" "3.190.0"
    "@aws-sdk/property-provider" "3.190.0"
    "@aws-sdk/shared-ini-file-loader" "3.190.0"
    "@aws-sdk/types" "3.190.0"
    tslib "^2.3.1"

"@aws-sdk/fetch-http-handler@3.190.0":
  version "3.190.0"
  resolved "https://registry.yarnpkg.com/@aws-sdk/fetch-http-handler/-/fetch-http-handler-3.190.0.tgz#9943c8c9ec3bd9eb9121d3a6c1d356f24f0931a9"
  integrity sha512-5riRpKydARXAPLesTZm6eP6QKJ4HJGQ3k0Tepi3nvxHVx3UddkRNoX0pLS3rvbajkykWPNC2qdfRGApWlwOYsA==
  dependencies:
    "@aws-sdk/protocol-http" "3.190.0"
    "@aws-sdk/querystring-builder" "3.190.0"
    "@aws-sdk/types" "3.190.0"
    "@aws-sdk/util-base64-browser" "3.188.0"
    tslib "^2.3.1"

"@aws-sdk/hash-node@3.190.0":
  version "3.190.0"
  resolved "https://registry.yarnpkg.com/@aws-sdk/hash-node/-/hash-node-3.190.0.tgz#0ecad888142e8c097e13701f7bafc69e3e7ce91e"
  integrity sha512-DNwVT3O8zc9Jk/bXiXcN0WsD98r+JJWryw9F1/ZZbuzbf6rx2qhI8ZK+nh5X6WMtYPU84luQMcF702fJt/1bzg==
  dependencies:
    "@aws-sdk/types" "3.190.0"
    "@aws-sdk/util-buffer-from" "3.188.0"
    tslib "^2.3.1"

"@aws-sdk/invalid-dependency@3.190.0":
  version "3.190.0"
  resolved "https://registry.yarnpkg.com/@aws-sdk/invalid-dependency/-/invalid-dependency-3.190.0.tgz#a4caa91ce50554f99fbfcba062eca233bb79e280"
  integrity sha512-crCh63e8d/Uw9y3dQlVTPja7+IZiXpNXyH6oSuAadTDQwMq6KK87Av1/SDzVf6bAo2KgAOo41MyO2joaCEk0dQ==
  dependencies:
    "@aws-sdk/types" "3.190.0"
    tslib "^2.3.1"

"@aws-sdk/is-array-buffer@3.188.0":
  version "3.188.0"
  resolved "https://registry.yarnpkg.com/@aws-sdk/is-array-buffer/-/is-array-buffer-3.188.0.tgz#2e969b2e799490e3bbd5008554aa346c58e3a9b6"
  integrity sha512-n69N4zJZCNd87Rf4NzufPzhactUeM877Y0Tp/F3KiHqGeTnVjYUa4Lv1vLBjqtfjYb2HWT3NKlYn5yzrhaEwiQ==
  dependencies:
    tslib "^2.3.1"

"@aws-sdk/middleware-content-length@3.190.0":
  version "3.190.0"
  resolved "https://registry.yarnpkg.com/@aws-sdk/middleware-content-length/-/middleware-content-length-3.190.0.tgz#640d2dfeeb1c715a93f8a03048a8458aaf153973"
  integrity sha512-sSU347SuC6I8kWum1jlJlpAqeV23KP7enG+ToWcEcgFrJhm3AvuqB//NJxDbkKb2DNroRvJjBckBvrwNAjQnBQ==
  dependencies:
    "@aws-sdk/protocol-http" "3.190.0"
    "@aws-sdk/types" "3.190.0"
    tslib "^2.3.1"

"@aws-sdk/middleware-host-header@3.190.0":
  version "3.190.0"
  resolved "https://registry.yarnpkg.com/@aws-sdk/middleware-host-header/-/middleware-host-header-3.190.0.tgz#47a01bd9b7db526114097db4659ef7e578881b62"
  integrity sha512-cL7Vo/QSpGx/DDmFxjeV0Qlyi1atvHQDPn3MLBBmi1icu+3GKZkCMAJwzsrV3U4+WoVoDYT9FJ9yMQf2HaIjeQ==
  dependencies:
    "@aws-sdk/protocol-http" "3.190.0"
    "@aws-sdk/types" "3.190.0"
    tslib "^2.3.1"

"@aws-sdk/middleware-logger@3.190.0":
  version "3.190.0"
  resolved "https://registry.yarnpkg.com/@aws-sdk/middleware-logger/-/middleware-logger-3.190.0.tgz#022c1c6da76d95b3d04e32179c5b1bdfb3944295"
  integrity sha512-rrfLGYSZCBtiXNrIa8pJ2uwUoUMyj6Q82E8zmduTvqKWviCr6ZKes0lttGIkWhjvhql2m4CbjG5MPBnY7RXL4A==
  dependencies:
    "@aws-sdk/types" "3.190.0"
    tslib "^2.3.1"

"@aws-sdk/middleware-recursion-detection@3.190.0":
  version "3.190.0"
  resolved "https://registry.yarnpkg.com/@aws-sdk/middleware-recursion-detection/-/middleware-recursion-detection-3.190.0.tgz#6b8480ff62d141312f10940b0a0fe44f651e3f8a"
  integrity sha512-5tc1AIIZe5jDNdyuJW+7vIFmQOxz3q031ZVrEtUEIF7cz2ySho2lkOWziz+v+UGSLhjHGKMz3V26+aN1FLZNxQ==
  dependencies:
    "@aws-sdk/protocol-http" "3.190.0"
    "@aws-sdk/types" "3.190.0"
    tslib "^2.3.1"

"@aws-sdk/middleware-retry@3.190.0":
  version "3.190.0"
  resolved "https://registry.yarnpkg.com/@aws-sdk/middleware-retry/-/middleware-retry-3.190.0.tgz#935d4097d5785ae14b98272af69aed7ff066786b"
  integrity sha512-h1bPopkncf2ue/erJdhqvgR2AEh0bIvkNsIHhx93DckWKotZd/GAVDq0gpKj7/f/7B+teHH8Fg5GDOwOOGyKcg==
  dependencies:
    "@aws-sdk/protocol-http" "3.190.0"
    "@aws-sdk/service-error-classification" "3.190.0"
    "@aws-sdk/types" "3.190.0"
    "@aws-sdk/util-middleware" "3.190.0"
    tslib "^2.3.1"
    uuid "^8.3.2"

"@aws-sdk/middleware-sdk-sts@3.192.0":
  version "3.192.0"
  resolved "https://registry.yarnpkg.com/@aws-sdk/middleware-sdk-sts/-/middleware-sdk-sts-3.192.0.tgz#d4dbbf8a257d7362b4a0d52eaeb951cd8bcc37d4"
  integrity sha512-xzTV7MyG5ipWYTvekWX1tQc5ExsUvCYsDTBCD3LR5hBrP8assUDPo52zGSe+QMcjgnQv7BcYIzeikTkLEG0dUw==
  dependencies:
    "@aws-sdk/middleware-signing" "3.192.0"
    "@aws-sdk/property-provider" "3.190.0"
    "@aws-sdk/protocol-http" "3.190.0"
    "@aws-sdk/signature-v4" "3.190.0"
    "@aws-sdk/types" "3.190.0"
    tslib "^2.3.1"

"@aws-sdk/middleware-serde@3.190.0":
  version "3.190.0"
  resolved "https://registry.yarnpkg.com/@aws-sdk/middleware-serde/-/middleware-serde-3.190.0.tgz#85f17432facfa8453564a5b5cd2d24e722eeff9f"
  integrity sha512-S132hEOK4jwbtZ1bGAgSuQ0DMFG4TiD4ulAwbQRBYooC7tiWZbRiR0Pkt2hV8d7WhOHgUpg7rvqlA7/HXXBAsA==
  dependencies:
    "@aws-sdk/types" "3.190.0"
    tslib "^2.3.1"

"@aws-sdk/middleware-signing@3.192.0":
  version "3.192.0"
  resolved "https://registry.yarnpkg.com/@aws-sdk/middleware-signing/-/middleware-signing-3.192.0.tgz#e4d81ffca7321bf2d691505e93382bac36014fe9"
  integrity sha512-qTRIU/TL/dvtTrNj+AkZkgYeTIFslib3Y3XnQNNM6RCm4cMxIgs2K/lnhaUmLdbzHrpOQb4cISkY8yiHo+pNsw==
  dependencies:
    "@aws-sdk/property-provider" "3.190.0"
    "@aws-sdk/protocol-http" "3.190.0"
    "@aws-sdk/signature-v4" "3.190.0"
    "@aws-sdk/types" "3.190.0"
    "@aws-sdk/util-middleware" "3.190.0"
    tslib "^2.3.1"

"@aws-sdk/middleware-stack@3.190.0":
  version "3.190.0"
  resolved "https://registry.yarnpkg.com/@aws-sdk/middleware-stack/-/middleware-stack-3.190.0.tgz#15572c938bf3bbe9d275870e541360fdc7997fab"
  integrity sha512-h1mqiWNJdi1OTSEY8QovpiHgDQEeRG818v8yShpqSYXJKEqdn54MA3Z1D2fg/Wv/8ZJsFrBCiI7waT1JUYOmCg==
  dependencies:
    tslib "^2.3.1"

"@aws-sdk/middleware-user-agent@3.190.0":
  version "3.190.0"
  resolved "https://registry.yarnpkg.com/@aws-sdk/middleware-user-agent/-/middleware-user-agent-3.190.0.tgz#791eb451b01846184140eeda63dd51153f911c2c"
  integrity sha512-y/2cTE1iYHKR0nkb3DvR3G8vt12lcTP95r/iHp8ZO+Uzpc25jM/AyMHWr2ZjqQiHKNlzh8uRw1CmQtgg4sBxXQ==
  dependencies:
    "@aws-sdk/protocol-http" "3.190.0"
    "@aws-sdk/types" "3.190.0"
    tslib "^2.3.1"

"@aws-sdk/node-config-provider@3.190.0":
  version "3.190.0"
  resolved "https://registry.yarnpkg.com/@aws-sdk/node-config-provider/-/node-config-provider-3.190.0.tgz#a6005c5d3393970e1682c2561c5622d36d05c35d"
  integrity sha512-TJPUchyeK5KeEXWrwb6oW5/OkY3STCSGR1QIlbPcaTGkbo4kXAVyQmmZsY4KtRPuDM6/HlfUQV17bD716K65rQ==
  dependencies:
    "@aws-sdk/property-provider" "3.190.0"
    "@aws-sdk/shared-ini-file-loader" "3.190.0"
    "@aws-sdk/types" "3.190.0"
    tslib "^2.3.1"

"@aws-sdk/node-http-handler@3.190.0":
  version "3.190.0"
  resolved "https://registry.yarnpkg.com/@aws-sdk/node-http-handler/-/node-http-handler-3.190.0.tgz#db14e265a5d42587b3edca0e71fa47f530d8c81b"
  integrity sha512-3Klkr73TpZkCzcnSP+gmFF0Baluzk3r7BaWclJHqt2LcFUWfIJzYlnbBQNZ4t3EEq7ZlBJX85rIDHBRlS+rUyA==
  dependencies:
    "@aws-sdk/abort-controller" "3.190.0"
    "@aws-sdk/protocol-http" "3.190.0"
    "@aws-sdk/querystring-builder" "3.190.0"
    "@aws-sdk/types" "3.190.0"
    tslib "^2.3.1"

"@aws-sdk/property-provider@3.190.0":
  version "3.190.0"
  resolved "https://registry.yarnpkg.com/@aws-sdk/property-provider/-/property-provider-3.190.0.tgz#99372b7e2fba63d3f47ea368c9659ef003733e57"
  integrity sha512-uzdKjHE2blbuceTC5zeBgZ0+Uo/hf9pH20CHpJeVNtrrtF3GALtu4Y1Gu5QQVIQBz8gjHnqANx0XhfYzorv69Q==
  dependencies:
    "@aws-sdk/types" "3.190.0"
    tslib "^2.3.1"

"@aws-sdk/protocol-http@3.190.0":
  version "3.190.0"
  resolved "https://registry.yarnpkg.com/@aws-sdk/protocol-http/-/protocol-http-3.190.0.tgz#6f777f4f5193fc83402fdce29d8fc2bd0c93fb05"
  integrity sha512-s5MVfeONpfZYRzCSbqQ+wJ3GxKED+aSS7+CQoeaYoD6HDTDxaMGNv9aiPxVCzW02sgG7py7f29Q6Vw+5taZXZA==
  dependencies:
    "@aws-sdk/types" "3.190.0"
    tslib "^2.3.1"

"@aws-sdk/querystring-builder@3.190.0":
  version "3.190.0"
  resolved "https://registry.yarnpkg.com/@aws-sdk/querystring-builder/-/querystring-builder-3.190.0.tgz#5c115eb30343cc28ea8fc6ab1ca945907533403a"
  integrity sha512-w9mTKkCsaLIBC8EA4RAHrqethNGbf60CbpPzN/QM7yCV3ZZJAXkppFfjTVVOMbPaI8GUEOptJtzgqV68CRB7ow==
  dependencies:
    "@aws-sdk/types" "3.190.0"
    "@aws-sdk/util-uri-escape" "3.188.0"
    tslib "^2.3.1"

"@aws-sdk/querystring-parser@3.190.0":
  version "3.190.0"
  resolved "https://registry.yarnpkg.com/@aws-sdk/querystring-parser/-/querystring-parser-3.190.0.tgz#e96fab0ac834ab57777d736790eb2509491bd3fa"
  integrity sha512-vCKP0s33VtS47LSYzEWRRr2aTbi3qNkUuQyIrc5LMqBfS5hsy79P1HL4Q7lCVqZB5fe61N8fKzOxDxWRCF0sXg==
  dependencies:
    "@aws-sdk/types" "3.190.0"
    tslib "^2.3.1"

"@aws-sdk/service-error-classification@3.190.0":
  version "3.190.0"
  resolved "https://registry.yarnpkg.com/@aws-sdk/service-error-classification/-/service-error-classification-3.190.0.tgz#b1e232abfdc98fcf6f12dcbe50f9b9141fe53d42"
  integrity sha512-g+s6xtaMa5fCMA2zJQC4BiFGMP7FN5/L1V/UwxCnKy8skCwaN0K5A1tFffBjjbYiPI7Gu7LVorWD2A0Y4xl01Q==

"@aws-sdk/shared-ini-file-loader@3.190.0":
  version "3.190.0"
  resolved "https://registry.yarnpkg.com/@aws-sdk/shared-ini-file-loader/-/shared-ini-file-loader-3.190.0.tgz#23efb053ae56f7cb96cb1cb64e8afeffafac963c"
  integrity sha512-CZC/xsGReUEl5w+JgfancrxfkaCbEisyIFy6HALUYrioWQe80WMqLAdUMZSXHWjIaNK9mH0J/qvcSV2MuIoMzQ==
  dependencies:
    "@aws-sdk/types" "3.190.0"
    tslib "^2.3.1"

"@aws-sdk/signature-v4@3.190.0":
  version "3.190.0"
  resolved "https://registry.yarnpkg.com/@aws-sdk/signature-v4/-/signature-v4-3.190.0.tgz#ed5a408465723021648fd95440234898e114e2f6"
  integrity sha512-L/R/1X2T+/Kg2k/sjoYyDFulVUGrVcRfyEKKVFIUNg0NwUtw5UKa1/gS7geTKcg4q8M2pd/v+OCBrge2X7phUw==
  dependencies:
    "@aws-sdk/is-array-buffer" "3.188.0"
    "@aws-sdk/types" "3.190.0"
    "@aws-sdk/util-hex-encoding" "3.188.0"
    "@aws-sdk/util-middleware" "3.190.0"
    "@aws-sdk/util-uri-escape" "3.188.0"
    tslib "^2.3.1"

"@aws-sdk/smithy-client@3.190.0":
  version "3.190.0"
  resolved "https://registry.yarnpkg.com/@aws-sdk/smithy-client/-/smithy-client-3.190.0.tgz#4a951a7f3470fe148330e3a3e68cf9020b148e64"
  integrity sha512-f5EoCwjBLXMyuN491u1NmEutbolL0cJegaJbtgK9OJw2BLuRHiBknjDF4OEVuK/WqK0kz2JLMGi9xwVPl4BKCA==
  dependencies:
    "@aws-sdk/middleware-stack" "3.190.0"
    "@aws-sdk/types" "3.190.0"
    tslib "^2.3.1"

"@aws-sdk/types@3.190.0", "@aws-sdk/types@^3.1.0", "@aws-sdk/types@^3.110.0":
  version "3.190.0"
  resolved "https://registry.yarnpkg.com/@aws-sdk/types/-/types-3.190.0.tgz#ef22549c81ea6a7dd2c57e5869e787fea40c4434"
  integrity sha512-mkeZ+vJZzElP6OdRXvuLKWHSlDQxZP9u8BjQB9N0Rw0pCXTzYS0vzIhN1pL0uddWp5fMrIE68snto9xNR6BQuA==

"@aws-sdk/url-parser@3.190.0":
  version "3.190.0"
  resolved "https://registry.yarnpkg.com/@aws-sdk/url-parser/-/url-parser-3.190.0.tgz#d3c40dd0d01fb97c2c7f610baf1be2f045ae5582"
  integrity sha512-FKFDtxA9pvHmpfWmNVK5BAVRpDgkWMz3u4Sg9UzB+WAFN6UexRypXXUZCFAo8S04FbPKfYOR3O0uVlw7kzmj9g==
  dependencies:
    "@aws-sdk/querystring-parser" "3.190.0"
    "@aws-sdk/types" "3.190.0"
    tslib "^2.3.1"

"@aws-sdk/util-base64-browser@3.188.0":
  version "3.188.0"
  resolved "https://registry.yarnpkg.com/@aws-sdk/util-base64-browser/-/util-base64-browser-3.188.0.tgz#581c85dc157aff88ca81e42d9c79d87c95db8d03"
  integrity sha512-qlH+5NZBLiyKziL335BEPedYxX6j+p7KFRWXvDQox9S+s+gLCayednpK+fteOhBenCcR9fUZOVuAPScy1I8qCg==
  dependencies:
    tslib "^2.3.1"

"@aws-sdk/util-base64-node@3.188.0":
  version "3.188.0"
  resolved "https://registry.yarnpkg.com/@aws-sdk/util-base64-node/-/util-base64-node-3.188.0.tgz#1d2413f68c8ad1cca0903fc11d92af88ba70e14d"
  integrity sha512-r1dccRsRjKq+OhVRUfqFiW3sGgZBjHbMeHLbrAs9jrOjU2PTQ8PSzAXLvX/9lmp7YjmX17Qvlsg0NCr1tbB9OA==
  dependencies:
    "@aws-sdk/util-buffer-from" "3.188.0"
    tslib "^2.3.1"

"@aws-sdk/util-body-length-browser@3.188.0":
  version "3.188.0"
  resolved "https://registry.yarnpkg.com/@aws-sdk/util-body-length-browser/-/util-body-length-browser-3.188.0.tgz#e1d949318c10a621b38575a9ef01e39f9857ddb0"
  integrity sha512-8VpnwFWXhnZ/iRSl9mTf+VKOX9wDE8QtN4bj9pBfxwf90H1X7E8T6NkiZD3k+HubYf2J94e7DbeHs7fuCPW5Qg==
  dependencies:
    tslib "^2.3.1"

"@aws-sdk/util-body-length-node@3.188.0":
  version "3.188.0"
  resolved "https://registry.yarnpkg.com/@aws-sdk/util-body-length-node/-/util-body-length-node-3.188.0.tgz#3fc2a820b9be0efcbdf962d8f980b9000b98ddba"
  integrity sha512-XwqP3vxk60MKp4YDdvDeCD6BPOiG2e+/Ou4AofZOy5/toB6NKz2pFNibQIUg2+jc7mPMnGnvOW3MQEgSJ+gu/Q==
  dependencies:
    tslib "^2.3.1"

"@aws-sdk/util-buffer-from@3.188.0":
  version "3.188.0"
  resolved "https://registry.yarnpkg.com/@aws-sdk/util-buffer-from/-/util-buffer-from-3.188.0.tgz#a062ccd990571df4353990e8b78aebec5a14547d"
  integrity sha512-NX1WXZ8TH20IZb4jPFT2CnLKSqZWddGxtfiWxD9M47YOtq/SSQeR82fhqqVjJn4P8w2F5E28f+Du4ntg/sGcxA==
  dependencies:
    "@aws-sdk/is-array-buffer" "3.188.0"
    tslib "^2.3.1"

"@aws-sdk/util-config-provider@3.188.0":
  version "3.188.0"
  resolved "https://registry.yarnpkg.com/@aws-sdk/util-config-provider/-/util-config-provider-3.188.0.tgz#f7a365e6cbfe728c1224f0b39926636619b669e0"
  integrity sha512-LBA7tLbi7v4uvbOJhSnjJrxbcRifKK/1ZVK94JTV2MNSCCyNkFotyEI5UWDl10YKriTIUyf7o5cakpiDZ3O4xg==
  dependencies:
    tslib "^2.3.1"

"@aws-sdk/util-defaults-mode-browser@3.190.0":
  version "3.190.0"
  resolved "https://registry.yarnpkg.com/@aws-sdk/util-defaults-mode-browser/-/util-defaults-mode-browser-3.190.0.tgz#b544c978ae4e5a7cf12bb7975c0199dbe3517c85"
  integrity sha512-FKxTU4tIbFk2pdUbBNneStF++j+/pB4NYJ1HRSEAb/g4D2+kxikR/WKIv3p0JTVvAkwcuX/ausILYEPUyDZ4HQ==
  dependencies:
    "@aws-sdk/property-provider" "3.190.0"
    "@aws-sdk/types" "3.190.0"
    bowser "^2.11.0"
    tslib "^2.3.1"

"@aws-sdk/util-defaults-mode-node@3.190.0":
  version "3.190.0"
  resolved "https://registry.yarnpkg.com/@aws-sdk/util-defaults-mode-node/-/util-defaults-mode-node-3.190.0.tgz#67acd5a3dba7f30ac2fb30084dd2b9ff77612c15"
  integrity sha512-qBiIMjNynqAP7p6urG1+ZattYkFaylhyinofVcLEiDvM9a6zGt6GZsxru2Loq0kRAXXGew9E9BWGt45HcDc20g==
  dependencies:
    "@aws-sdk/config-resolver" "3.190.0"
    "@aws-sdk/credential-provider-imds" "3.190.0"
    "@aws-sdk/node-config-provider" "3.190.0"
    "@aws-sdk/property-provider" "3.190.0"
    "@aws-sdk/types" "3.190.0"
    tslib "^2.3.1"

"@aws-sdk/util-hex-encoding@3.188.0":
  version "3.188.0"
  resolved "https://registry.yarnpkg.com/@aws-sdk/util-hex-encoding/-/util-hex-encoding-3.188.0.tgz#c2d8b02b952db58acbd5f53718109657c69c460f"
  integrity sha512-QyWovTtjQ2RYxqVM+STPh65owSqzuXURnfoof778spyX4iQ4z46wOge1YV2ZtwS8w5LWd9eeVvDrLu5POPYOnA==
  dependencies:
    tslib "^2.3.1"

"@aws-sdk/util-locate-window@^3.0.0":
  version "3.188.0"
  resolved "https://registry.yarnpkg.com/@aws-sdk/util-locate-window/-/util-locate-window-3.188.0.tgz#0bef2b4d932d1401bd78dc1ddd258b14a3652f96"
  integrity sha512-SxobBVLZkkLSawTCfeQnhVX3Azm9O+C2dngZVe1+BqtF8+retUbVTs7OfYeWBlawVkULKF2e781lTzEHBBjCzw==
  dependencies:
    tslib "^2.3.1"

"@aws-sdk/util-middleware@3.190.0":
  version "3.190.0"
  resolved "https://registry.yarnpkg.com/@aws-sdk/util-middleware/-/util-middleware-3.190.0.tgz#9c594987f107af05b770f2ac2e70c0391d0cb5b5"
  integrity sha512-qzTJ/qhFDzHZS+iXdHydQ/0sWAuNIB5feeLm55Io/I8Utv3l3TKYOhbgGwTsXY+jDk7oD+YnAi7hLN5oEBCwpg==
  dependencies:
    tslib "^2.3.1"

"@aws-sdk/util-uri-escape@3.188.0":
  version "3.188.0"
  resolved "https://registry.yarnpkg.com/@aws-sdk/util-uri-escape/-/util-uri-escape-3.188.0.tgz#6dbd4322f6cdc3252a75c6f729e1082369c468c0"
  integrity sha512-4Y6AYZMT483Tiuq8dxz5WHIiPNdSFPGrl6tRTo2Oi2FcwypwmFhqgEGcqxeXDUJktvaCBxeA08DLr/AemVhPCg==
  dependencies:
    tslib "^2.3.1"

"@aws-sdk/util-user-agent-browser@3.190.0":
  version "3.190.0"
  resolved "https://registry.yarnpkg.com/@aws-sdk/util-user-agent-browser/-/util-user-agent-browser-3.190.0.tgz#efb7eda04b94b260ae8e8ff5f623eeb9318f2bfd"
  integrity sha512-c074wjsD+/u9vT7DVrBLkwVhn28I+OEHuHaqpTVCvAIjpueZ3oms0e99YJLfpdpEgdLavOroAsNFtAuRrrTZZw==
  dependencies:
    "@aws-sdk/types" "3.190.0"
    bowser "^2.11.0"
    tslib "^2.3.1"

"@aws-sdk/util-user-agent-node@3.190.0":
  version "3.190.0"
  resolved "https://registry.yarnpkg.com/@aws-sdk/util-user-agent-node/-/util-user-agent-node-3.190.0.tgz#b4bdc523d63ca418f5ca54e26f836db91fe55c43"
  integrity sha512-R36BMvvPX8frqFhU4lAsrOJ/2PJEHH/Jz1WZzO3GWmVSEAQQdHmo8tVPE3KOM7mZWe5Hj1dZudFAIxWHHFYKJA==
  dependencies:
    "@aws-sdk/node-config-provider" "3.190.0"
    "@aws-sdk/types" "3.190.0"
    tslib "^2.3.1"

"@aws-sdk/util-utf8-browser@3.188.0", "@aws-sdk/util-utf8-browser@^3.0.0":
  version "3.188.0"
  resolved "https://registry.yarnpkg.com/@aws-sdk/util-utf8-browser/-/util-utf8-browser-3.188.0.tgz#484762bd600401350e148277731d6744a4a92225"
  integrity sha512-jt627x0+jE+Ydr9NwkFstg3cUvgWh56qdaqAMDsqgRlKD21md/6G226z/Qxl7lb1VEW2LlmCx43ai/37Qwcj2Q==
  dependencies:
    tslib "^2.3.1"

"@aws-sdk/util-utf8-node@3.188.0":
  version "3.188.0"
  resolved "https://registry.yarnpkg.com/@aws-sdk/util-utf8-node/-/util-utf8-node-3.188.0.tgz#935bc58a71f2792ac6a4ec881f72bf9ceee008b4"
  integrity sha512-hCgP4+C0Lekjpjt2zFJ2R/iHes5sBGljXa5bScOFAEkRUc0Qw0VNgTv7LpEbIOAwGmqyxBoCwBW0YHPW1DfmYQ==
  dependencies:
    "@aws-sdk/util-buffer-from" "3.188.0"
    tslib "^2.3.1"

"@types/node@*":
  version "16.11.10"
  resolved "https://registry.yarnpkg.com/@types/node/-/node-16.11.10.tgz#2e3ad0a680d96367103d3e670d41c2fed3da61ae"
  integrity sha512-3aRnHa1KlOEEhJ6+CvyHKK5vE9BcLGjtUpwvqYLRvYNQKMfabu3BwfJaA/SLW8dxe28LsNDjtHwePTuzn3gmOA==

"@types/webidl-conversions@*":
  version "6.1.1"
  resolved "https://registry.yarnpkg.com/@types/webidl-conversions/-/webidl-conversions-6.1.1.tgz#e33bc8ea812a01f63f90481c666334844b12a09e"
  integrity sha512-XAahCdThVuCFDQLT7R7Pk/vqeObFNL3YqRyFZg+AqAP/W1/w3xHaIxuW7WszQqTbIBOPRcItYJIou3i/mppu3Q==

"@types/whatwg-url@^8.2.1":
  version "8.2.1"
  resolved "https://registry.yarnpkg.com/@types/whatwg-url/-/whatwg-url-8.2.1.tgz#f1aac222dab7c59e011663a0cb0a3117b2ef05d4"
  integrity sha512-2YubE1sjj5ifxievI5Ge1sckb9k/Er66HyR2c+3+I6VDUUg1TLPdYYTEbQ+DjRkS4nTxMJhgWfSfMRD2sl2EYQ==
  dependencies:
    "@types/node" "*"
    "@types/webidl-conversions" "*"

ansi-regex@^5.0.1:
  version "5.0.1"
  resolved "https://registry.yarnpkg.com/ansi-regex/-/ansi-regex-5.0.1.tgz#082cb2c89c9fe8659a311a53bd6a4dc5301db304"
  integrity sha512-quJQXlTSUGL2LH9SUXo8VwsY4soanhgo6LNSm84E1LBcE8s3O0wpdiRzyR9z/ZZJMlMWv37qOOb9pdJlMUEKFQ==

ansi-styles@^4.0.0:
  version "4.3.0"
  resolved "https://registry.yarnpkg.com/ansi-styles/-/ansi-styles-4.3.0.tgz#edd803628ae71c04c85ae7a0906edad34b648937"
  integrity sha512-zbB9rCJAT1rbjiVDb2hqKFHNYLxgtk8NURxZ3IZwD3F6NtxbXZQCnnSi1Lkx+IDohdPlFp222wVALIheZJQSEg==
  dependencies:
    color-convert "^2.0.1"

base64-js@^1.3.1:
  version "1.5.1"
  resolved "https://registry.yarnpkg.com/base64-js/-/base64-js-1.5.1.tgz#1b1b440160a5bf7ad40b650f095963481903930a"
  integrity sha512-AKpaYlHn8t4SVbOHCy+b5+KKgvR4vrsD8vbvrbiQJps7fKDTkjkDry6ji0rUJjC0kzbNePLwzxq8iypo41qeWA==

bowser@^2.11.0:
  version "2.11.0"
  resolved "https://registry.yarnpkg.com/bowser/-/bowser-2.11.0.tgz#5ca3c35757a7aa5771500c70a73a9f91ef420a8f"
  integrity sha512-AlcaJBi/pqqJBIQ8U9Mcpc9i8Aqxn88Skv5d+xBX006BY5u8N3mGLHa5Lgppa7L/HfwgwLgZ6NYs+Ag6uUmJRA==

bson@^4.7.0:
  version "4.7.0"
  resolved "https://registry.yarnpkg.com/bson/-/bson-4.7.0.tgz#7874a60091ffc7a45c5dd2973b5cad7cded9718a"
  integrity sha512-VrlEE4vuiO1WTpfof4VmaVolCVYkYTgB9iWgYNOrVlnifpME/06fhFRmONgBhClD5pFC1t9ZWqFUQEQAzY43bA==
  dependencies:
    buffer "^5.6.0"

buffer@^5.6.0:
  version "5.7.1"
  resolved "https://registry.yarnpkg.com/buffer/-/buffer-5.7.1.tgz#ba62e7c13133053582197160851a8f648e99eed0"
  integrity sha512-EHcyIPBQ4BSGlvjB16k5KgAJ27CIsHY/2JBmCRReo48y9rQ3MaUzWX3KVlBa4U7MyX02HdVj0K7C3WaB3ju7FQ==
  dependencies:
    base64-js "^1.3.1"
    ieee754 "^1.1.13"

cliui@^7.0.2:
  version "7.0.4"
  resolved "https://registry.yarnpkg.com/cliui/-/cliui-7.0.4.tgz#a0265ee655476fc807aea9df3df8df7783808b4f"
  integrity sha512-OcRE68cOsVMXp1Yvonl/fzkQOyjLSu/8bhPDfQt0e0/Eb283TKP20Fs2MqoPsr9SwA595rRCA+QMzYc9nBP+JQ==
  dependencies:
    string-width "^4.2.0"
    strip-ansi "^6.0.0"
    wrap-ansi "^7.0.0"

color-convert@^2.0.1:
  version "2.0.1"
  resolved "https://registry.yarnpkg.com/color-convert/-/color-convert-2.0.1.tgz#72d3a68d598c9bdb3af2ad1e84f21d896abd4de3"
  integrity sha512-RRECPsj7iu/xb5oKYcsFHSppFNnsj/52OVTRKb4zP5onXwVF3zVmmToNcOfGC+CRDpfK/U584fMg38ZHCaElKQ==
  dependencies:
    color-name "~1.1.4"

color-name@~1.1.4:
  version "1.1.4"
  resolved "https://registry.yarnpkg.com/color-name/-/color-name-1.1.4.tgz#c2a09a87acbde69543de6f63fa3995c826c536a2"
  integrity sha512-dOy+3AuW3a2wNbZHIuMZpTcgjGuLU/uBL/ubcZF9OXbDo8ff4O8yVp5Bf0efS8uEoYo5q4Fx7dY9OgQGXgAsQA==

debug@^4.1.1:
  version "4.3.3"
  resolved "https://registry.yarnpkg.com/debug/-/debug-4.3.3.tgz#04266e0b70a98d4462e6e288e38259213332b664"
  integrity sha512-/zxw5+vh1Tfv+4Qn7a5nsbcJKPaSvCDhojn6FEl9vupwK2VCSDtEiEtqr8DFtzYFOdz63LBkxec7DYuc2jon6Q==
  dependencies:
    ms "2.1.2"

denque@^2.1.0:
  version "2.1.0"
  resolved "https://registry.yarnpkg.com/denque/-/denque-2.1.0.tgz#e93e1a6569fb5e66f16a3c2a2964617d349d6ab1"
  integrity sha512-HVQE3AAb/pxF8fQAoiqpvg9i3evqug3hoiwakOyZAwJm+6vZehbkYXZ0l4JxS+I3QxM97v5aaRNhj8v5oBhekw==

emoji-regex@^8.0.0:
  version "8.0.0"
  resolved "https://registry.yarnpkg.com/emoji-regex/-/emoji-regex-8.0.0.tgz#e818fd69ce5ccfcb404594f842963bf53164cc37"
  integrity sha512-MSjYzcWNOA0ewAHpz0MxpYFvwg6yjy1NG3xteoqz644VCo/RPgnr1/GGt+ic3iJTzQ8Eu3TdM14SawnVUmGE6A==

escalade@^3.1.1:
  version "3.1.1"
  resolved "https://registry.yarnpkg.com/escalade/-/escalade-3.1.1.tgz#d8cfdc7000965c5a0174b4a82eaa5c0552742e40"
  integrity sha512-k0er2gUkLf8O0zKJiAhmkTnJlTvINGv7ygDNPbeIsX/TJjGJZHuh9B2UxbsaEkmlEo9MfhrSzmhIlhRlI2GXnw==

fast-xml-parser@4.0.11:
  version "4.0.11"
  resolved "https://registry.yarnpkg.com/fast-xml-parser/-/fast-xml-parser-4.0.11.tgz#42332a9aca544520631c8919e6ea871c0185a985"
  integrity sha512-4aUg3aNRR/WjQAcpceODG1C3x3lFANXRo8+1biqfieHmg9pyMt7qB4lQV/Ta6sJCTbA5vfD8fnA8S54JATiFUA==
  dependencies:
    strnum "^1.0.5"

get-caller-file@^2.0.5:
  version "2.0.5"
  resolved "https://registry.yarnpkg.com/get-caller-file/-/get-caller-file-2.0.5.tgz#4f94412a82db32f36e3b0b9741f8a97feb031f7e"
  integrity sha512-DyFP3BM/3YHTQOCUL/w0OZHR0lpKeGrxotcHWcqNEdnltqFwXVfhEBQ94eIo34AfQpo0rGki4cyIiftY06h2Fg==

gitlog@^4.0.4:
  version "4.0.4"
  resolved "https://registry.yarnpkg.com/gitlog/-/gitlog-4.0.4.tgz#8da6c08748dc290eb6c2fc11e3c505fb73715564"
  integrity sha512-jeY2kO7CVyTa6cUM7ZD2ZxIyBkna1xvW2esV/3o8tbhiUneX1UBQCH4D9aMrHgGiohBjyXbuZogyjKXslnY5Yg==
  dependencies:
    debug "^4.1.1"
    tslib "^1.14.1"

ieee754@^1.1.13:
  version "1.2.1"
  resolved "https://registry.yarnpkg.com/ieee754/-/ieee754-1.2.1.tgz#8eb7a10a63fff25d15a57b001586d177d1b0d352"
  integrity sha512-dcyqhDvX1C46lXZcVqCpK+FtMRQVdIMN6/Df5js2zouUsqG7I6sFxitIC+7KYK29KdXOLHdu9zL4sFnoVQnqaA==

ip@^2.0.0:
  version "2.0.0"
  resolved "https://registry.yarnpkg.com/ip/-/ip-2.0.0.tgz#4cf4ab182fee2314c75ede1276f8c80b479936da"
  integrity sha512-WKa+XuLG1A1R0UWhl2+1XQSi+fZWMsYKffMZTTYsiZaUD8k2yDAj5atimTUD2TZkyCkNEeYE5NhFZmupOGtjYQ==

is-fullwidth-code-point@^3.0.0:
  version "3.0.0"
  resolved "https://registry.yarnpkg.com/is-fullwidth-code-point/-/is-fullwidth-code-point-3.0.0.tgz#f116f8064fe90b3f7844a38997c0b75051269f1d"
  integrity sha512-zymm5+u+sCsSWyD9qNaejV3DFvhCKclKdizYaJUuHA83RLjb7nSuGnddCHGv0hk+KY7BMAlsWeK4Ueg6EV6XQg==

memory-pager@^1.0.2:
  version "1.5.0"
  resolved "https://registry.yarnpkg.com/memory-pager/-/memory-pager-1.5.0.tgz#d8751655d22d384682741c972f2c3d6dfa3e66b5"
  integrity sha512-ZS4Bp4r/Zoeq6+NLJpP+0Zzm0pR8whtGPf1XExKLJBAczGMnSi3It14OiNCStjQjM6NU1okjQGSxgEZN8eBYKg==

mongodb-connection-string-url@^2.5.4:
  version "2.5.4"
  resolved "https://registry.yarnpkg.com/mongodb-connection-string-url/-/mongodb-connection-string-url-2.5.4.tgz#1ee2496f4c4eae64f63c4b2d512aebc89996160a"
  integrity sha512-SeAxuWs0ez3iI3vvmLk/j2y+zHwigTDKQhtdxTgt5ZCOQQS5+HW4g45/Xw5vzzbn7oQXCNQ24Z40AkJsizEy7w==
  dependencies:
    "@types/whatwg-url" "^8.2.1"
    whatwg-url "^11.0.0"

mongodb@^4.11.0:
  version "4.11.0"
  resolved "https://registry.yarnpkg.com/mongodb/-/mongodb-4.11.0.tgz#d28fdc7509f24d0d274f456529441fa3e570415c"
  integrity sha512-9l9n4Nk2BYZzljW3vHah3Z0rfS5npKw6ktnkmFgTcnzaXH1DRm3pDl6VMHu84EVb1lzmSaJC4OzWZqTkB5i2wg==
  dependencies:
    bson "^4.7.0"
    denque "^2.1.0"
    mongodb-connection-string-url "^2.5.4"
    socks "^2.7.1"
  optionalDependencies:
    "@aws-sdk/credential-providers" "^3.186.0"
    saslprep "^1.0.3"

ms@2.1.2:
  version "2.1.2"
  resolved "https://registry.yarnpkg.com/ms/-/ms-2.1.2.tgz#d09d1f357b443f493382a8eb3ccd183872ae6009"
  integrity sha512-sGkPx+VjMtmA6MX27oA4FBFELFCZZ4S4XqeGOXCv68tT+jb3vk/RyaKWP0PTKyWtmLSM0b+adUTEvbs1PEaH2w==

punycode@^2.1.1:
  version "2.1.1"
  resolved "https://registry.yarnpkg.com/punycode/-/punycode-2.1.1.tgz#b58b010ac40c22c5657616c8d2c2c02c7bf479ec"
  integrity sha512-XRsRjdf+j5ml+y/6GKHPZbrF/8p2Yga0JPtdqTIY2Xe5ohJPD9saDJJLPvp9+NSBprVvevdXZybnj2cv8OEd0A==

require-directory@^2.1.1:
  version "2.1.1"
  resolved "https://registry.yarnpkg.com/require-directory/-/require-directory-2.1.1.tgz#8c64ad5fd30dab1c976e2344ffe7f792a6a6df42"
  integrity sha1-jGStX9MNqxyXbiNE/+f3kqam30I=

saslprep@^1.0.3:
  version "1.0.3"
  resolved "https://registry.yarnpkg.com/saslprep/-/saslprep-1.0.3.tgz#4c02f946b56cf54297e347ba1093e7acac4cf226"
  integrity sha512-/MY/PEMbk2SuY5sScONwhUDsV2p77Znkb/q3nSVstq/yQzYJOH/Azh29p9oJLsl3LnQwSvZDKagDGBsBwSooag==
  dependencies:
    sparse-bitfield "^3.0.3"

smart-buffer@^4.2.0:
  version "4.2.0"
  resolved "https://registry.yarnpkg.com/smart-buffer/-/smart-buffer-4.2.0.tgz#6e1d71fa4f18c05f7d0ff216dd16a481d0e8d9ae"
  integrity sha512-94hK0Hh8rPqQl2xXc3HsaBoOXKV20MToPkcXvwbISWLEs+64sBq5kFgn2kJDHb1Pry9yrP0dxrCI9RRci7RXKg==

socks@^2.7.1:
  version "2.7.1"
  resolved "https://registry.yarnpkg.com/socks/-/socks-2.7.1.tgz#d8e651247178fde79c0663043e07240196857d55"
  integrity sha512-7maUZy1N7uo6+WVEX6psASxtNlKaNVMlGQKkG/63nEDdLOWNbiUMoLK7X4uYoLhQstau72mLgfEWcXcwsaHbYQ==
  dependencies:
    ip "^2.0.0"
    smart-buffer "^4.2.0"

sparse-bitfield@^3.0.3:
  version "3.0.3"
  resolved "https://registry.yarnpkg.com/sparse-bitfield/-/sparse-bitfield-3.0.3.tgz#ff4ae6e68656056ba4b3e792ab3334d38273ca11"
  integrity sha1-/0rm5oZWBWuks+eSqzM004JzyhE=
  dependencies:
    memory-pager "^1.0.2"

string-width@^4.1.0, string-width@^4.2.0, string-width@^4.2.3:
  version "4.2.3"
  resolved "https://registry.yarnpkg.com/string-width/-/string-width-4.2.3.tgz#269c7117d27b05ad2e536830a8ec895ef9c6d010"
  integrity sha512-wKyQRQpjJ0sIp62ErSZdGsjMJWsap5oRNihHhu6G7JVO/9jIB6UyevL+tXuOqrng8j/cxKTWyWUwvSTriiZz/g==
  dependencies:
    emoji-regex "^8.0.0"
    is-fullwidth-code-point "^3.0.0"
    strip-ansi "^6.0.1"

strip-ansi@^6.0.0, strip-ansi@^6.0.1:
  version "6.0.1"
  resolved "https://registry.yarnpkg.com/strip-ansi/-/strip-ansi-6.0.1.tgz#9e26c63d30f53443e9489495b2105d37b67a85d9"
  integrity sha512-Y38VPSHcqkFrCpFnQ9vuSXmquuv5oXOKpGeT6aGrr3o3Gc9AlVa6JBfUSOCnbxGGZF+/0ooI7KrPuUSztUdU5A==
  dependencies:
    ansi-regex "^5.0.1"

strnum@^1.0.5:
  version "1.0.5"
  resolved "https://registry.yarnpkg.com/strnum/-/strnum-1.0.5.tgz#5c4e829fe15ad4ff0d20c3db5ac97b73c9b072db"
  integrity sha512-J8bbNyKKXl5qYcR36TIO8W3mVGVHrmmxsd5PAItGkmyzwJvybiw2IVq5nqd0i4LSNSkB/sx9VHllbfFdr9k1JA==

tr46@^3.0.0:
  version "3.0.0"
  resolved "https://registry.yarnpkg.com/tr46/-/tr46-3.0.0.tgz#555c4e297a950617e8eeddef633c87d4d9d6cbf9"
  integrity sha512-l7FvfAHlcmulp8kr+flpQZmVwtu7nfRV7NZujtN0OqES8EL4O4e0qqzL0DC5gAvx/ZC/9lk6rhcUwYvkBnBnYA==
  dependencies:
    punycode "^2.1.1"

tslib@^1.11.1, tslib@^1.14.1:
  version "1.14.1"
  resolved "https://registry.yarnpkg.com/tslib/-/tslib-1.14.1.tgz#cf2d38bdc34a134bcaf1091c41f6619e2f672d00"
  integrity sha512-Xni35NKzjgMrwevysHTCArtLDpPvye8zV/0E4EyYn43P7/7qvQwPh9BGkHewbMulVntbigmcT7rdX3BNo9wRJg==

tslib@^2.3.1:
  version "2.4.0"
  resolved "https://registry.yarnpkg.com/tslib/-/tslib-2.4.0.tgz#7cecaa7f073ce680a05847aa77be941098f36dc3"
  integrity sha512-d6xOpEDfsi2CZVlPQzGeux8XMwLT9hssAsaPYExaQMuYskwb+x1x7J371tWlbBdWHroy99KnVB6qIkUbs5X3UQ==

uuid@^8.3.2:
  version "8.3.2"
  resolved "https://registry.yarnpkg.com/uuid/-/uuid-8.3.2.tgz#80d5b5ced271bb9af6c445f21a1a04c606cefbe2"
  integrity sha512-+NYs2QeMWy+GWFOEm9xnn6HCDp0l7QBD7ml8zLUmJ+93Q5NF0NocErnwkTkXVFNiX3/fpC6afS8Dhb/gz7R7eg==

webidl-conversions@^7.0.0:
  version "7.0.0"
  resolved "https://registry.yarnpkg.com/webidl-conversions/-/webidl-conversions-7.0.0.tgz#256b4e1882be7debbf01d05f0aa2039778ea080a"
  integrity sha512-VwddBukDzu71offAQR975unBIGqfKZpM+8ZX6ySk8nYhVoo5CYaZyzt3YBvYtRtO+aoGlqxPg/B87NGVZ/fu6g==

whatwg-url@^11.0.0:
  version "11.0.0"
  resolved "https://registry.yarnpkg.com/whatwg-url/-/whatwg-url-11.0.0.tgz#0a849eebb5faf2119b901bb76fd795c2848d4018"
  integrity sha512-RKT8HExMpoYx4igMiVMY83lN6UeITKJlBQ+vR/8ZJ8OCdSiN3RwCq+9gH0+Xzj0+5IrM6i4j/6LuvzbZIQgEcQ==
  dependencies:
    tr46 "^3.0.0"
    webidl-conversions "^7.0.0"

wrap-ansi@^7.0.0:
  version "7.0.0"
  resolved "https://registry.yarnpkg.com/wrap-ansi/-/wrap-ansi-7.0.0.tgz#67e145cff510a6a6984bdf1152911d69d2eb9e43"
  integrity sha512-YVGIj2kamLSTxw6NsZjoBxfSwsn0ycdesmc4p+Q21c5zPuZ1pl+NfxVdxPtdHvmNVOQ6XSYG4AUtyt/Fi7D16Q==
  dependencies:
    ansi-styles "^4.0.0"
    string-width "^4.1.0"
    strip-ansi "^6.0.0"

y18n@^5.0.5:
  version "5.0.8"
  resolved "https://registry.yarnpkg.com/y18n/-/y18n-5.0.8.tgz#7f4934d0f7ca8c56f95314939ddcd2dd91ce1d55"
  integrity sha512-0pfFzegeDWJHJIAmTLRP2DwHjdF5s7jo9tuztdQxAhINCdvS+3nGINqPd00AphqJR/0LhANUS6/+7SCb98YOfA==

yargs-parser@^21.0.0:
  version "21.0.0"
  resolved "https://registry.yarnpkg.com/yargs-parser/-/yargs-parser-21.0.0.tgz#a485d3966be4317426dd56bdb6a30131b281dc55"
  integrity sha512-z9kApYUOCwoeZ78rfRYYWdiU/iNL6mwwYlkkZfJoyMR1xps+NEBX5X7XmRpxkZHhXJ6+Ey00IwKxBBSW9FIjyA==

yargs@^17.3.0:
  version "17.3.0"
  resolved "https://registry.yarnpkg.com/yargs/-/yargs-17.3.0.tgz#295c4ffd0eef148ef3e48f7a2e0f58d0e4f26b1c"
  integrity sha512-GQl1pWyDoGptFPJx9b9L6kmR33TGusZvXIZUT+BOz9f7X2L94oeAskFYLEg/FkhV06zZPBYLvLZRWeYId29lew==
  dependencies:
    cliui "^7.0.2"
    escalade "^3.1.1"
    get-caller-file "^2.0.5"
    require-directory "^2.1.1"
    string-width "^4.2.3"
    y18n "^5.0.5"
    yargs-parser "^21.0.0"
